<?xml version="1.0" encoding="utf-8"?>
<Project ToolsVersion="4.0" xmlns="http://schemas.microsoft.com/developer/msbuild/2003">
  <ItemGroup>
    <Filter Include="Source Files">
      <UniqueIdentifier>{4FC737F1-C7A5-4376-A066-2A32D752A2FF}</UniqueIdentifier>
      <Extensions>cpp;c;cc;cxx;def;odl;idl;hpj;bat;asm;asmx</Extensions>
    </Filter>
    <Filter Include="Header Files">
      <UniqueIdentifier>{93995380-89BD-4b04-88EB-625FBE52EBFB}</UniqueIdentifier>
      <Extensions>h;hh;hpp;hxx;hm;inl;inc;ipp;xsd</Extensions>
    </Filter>
    <Filter Include="Resource Files">
      <UniqueIdentifier>{67DA6AB6-F800-4c08-8B7A-83BB121AAD01}</UniqueIdentifier>
      <Extensions>rc;ico;cur;bmp;dlg;rc2;rct;bin;rgs;gif;jpg;jpeg;jpe;resx;tiff;tif;png;wav;mfcribbon-ms</Extensions>
    </Filter>
    <Filter Include="nuk_headers">
      <UniqueIdentifier>{6f47e565-35d0-4d10-b489-961dcecc9b3b}</UniqueIdentifier>
    </Filter>
  </ItemGroup>
  <ItemGroup>
    <ClCompile Include="..\Independed\FileUtil.cpp">
      <Filter>Source Files</Filter>
    </ClCompile>
    <ClCompile Include="..\Independed\Process.cpp">
      <Filter>Source Files</Filter>
    </ClCompile>
    <ClCompile Include="..\Embarcadero\VCL\Auswertung.cpp">
      <Filter>Source Files</Filter>
    </ClCompile>
    <ClCompile Include="..\Embarcadero\VCL\MainForm.cpp">
      <Filter>Source Files</Filter>
    </ClCompile>
    <ClCompile Include="main.cpp">
      <Filter>Source Files</Filter>
    </ClCompile>
    <ClCompile Include="NukForm.cpp">
      <Filter>Source Files</Filter>
    </ClCompile>
    <ClCompile Include="nuk_header_only\nuk_controls.cpp">
      <Filter>nuk_headers</Filter>
    </ClCompile>
  </ItemGroup>
  <ItemGroup>
    <ClInclude Include="..\Independed\FileUtil.h">
      <Filter>Header Files</Filter>
    </ClInclude>
    <ClInclude Include="..\Independed\Process.h">
      <Filter>Header Files</Filter>
    </ClInclude>
    <ClInclude Include="..\Embarcadero\VCL\AuswertungPCH1.h">
      <Filter>Header Files</Filter>
    </ClInclude>
    <ClInclude Include="..\Embarcadero\VCL\MainForm.h">
      <Filter>Header Files</Filter>
    </ClInclude>
    <ClInclude Include="NukForm.h">
      <Filter>Header Files</Filter>
    </ClInclude>
    <ClInclude Include="nuk_header_only\nuklear.h">
      <Filter>nuk_headers</Filter>
    </ClInclude>
    <ClInclude Include="nuk_header_only\nuklear_d3d11.h">
      <Filter>nuk_headers</Filter>
    </ClInclude>
    <ClInclude Include="nuk_header_only\nuklear_d3d11_pixel_shader.h">
      <Filter>nuk_headers</Filter>
    </ClInclude>
    <ClInclude Include="nuk_header_only\nuklear_d3d11_vertex_shader.h">
      <Filter>nuk_headers</Filter>
    </ClInclude>
    <ClInclude Include="nuk_header_only\nuk_controls.h">
      <Filter>nuk_headers</Filter>
    </ClInclude>
    <ClInclude Include="nuk_header_only\nk_text_alignment.h">
      <Filter>nuk_headers</Filter>
    </ClInclude>
    <ClInclude Include="nuk_header_only\nk_rect.h">
      <Filter>nuk_headers</Filter>
    </ClInclude>
  </ItemGroup>
  <ItemGroup>
    <None Include="..\Embarcadero\VCL\MainForm.dfm" />
    <None Include="..\Embarcadero\VCL\Auswertung.cbproj" />
  </ItemGroup>
  <ItemGroup>
    <FxCompile Include="nuk_header_only\nuklear_d3d11.hlsl">
      <Filter>nuk_headers</Filter>
    </FxCompile>
  </ItemGroup>
</Project>